
Microsoft Visual Studio Solution File, Format Version 12.00
# Visual Studio Version 16
VisualStudioVersion = 16.0.33130.400
MinimumVisualStudioVersion = 10.0.40219.1
Project("{8BC9CEB8-8B4A-11D0-8D11-00A0C91BC942}") = "BST", "BST\BST.vcxproj", "{05A7A880-D397-4809-B2AB-4FE4F261E11E}"
EndProject
Global
	GlobalSection(SolutionConfigurationPlatforms) = preSolution
		Debug|x64 = Debug|x64
		Debug|x86 = Debug|x86
		Release|x64 = Release|x64
		Release|x86 = Release|x86
	EndGlobalSection
	GlobalSection(ProjectConfigurationPlatforms) = postSolution
		{05A7A880-D397-4809-B2AB-4FE4F261E11E}.Debug|x64.ActiveCfg = Debug|x64
		{05A7A880-D397-4809-B2AB-4FE4F261E11E}.Debug|x64.Build.0 = Debug|x64
		{05A7A880-D397-4809-B2AB-4FE4F261E11E}.Debug|x86.ActiveCfg = Debug|Win32
		{05A7A880-D397-4809-B2AB-4FE4F261E11E}.Debug|x86.Build.0 = Debug|Win32
		{05A7A880-D397-4809-B2AB-4FE4F261E11E}.Release|x64.ActiveCfg = Release|x64
		{05A7A880-D397-4809-B2AB-4FE4F261E11E}.Release|x64.Build.0 = Release|x64
		{05A7A880-D397-4809-B2AB-4FE4F261E11E}.Release|x86.ActiveCfg = Release|Win32
		{05A7A880-D397-4809-B2AB-4FE4F261E11E}.Release|x86.Build.0 = Release|Win32
	EndGlobalSection
	GlobalSection(SolutionProperties) = preSolution
		HideSolutionNode = FALSE
	EndGlobalSection
	GlobalSection(ExtensibilityGlobals) = postSolution
		SolutionGuid = {A65CC603-DE1F-4689-8BC5-F88FFD93BE71}
	EndGlobalSection
EndGlobal
